
Microsoft Visual Studio Solution File, Format Version 12.00
# Visual Studio Version 16
VisualStudioVersion = 16.0.30011.22
MinimumVisualStudioVersion = 10.0.40219.1
Project("{FAE04EC0-301F-11D3-BF4B-00C04F79EFBC}") = "TrafficUtility", "TrafficUtility.csproj", "{ED37F52F-3DF2-4C80-8A07-7B0364066E0C}"
EndProject
Global
	GlobalSection(SolutionConfigurationPlatforms) = preSolution
		Debug|Any CPU = Debug|Any CPU
		Debug|x64 = Debug|x64
		Release|Any CPU = Release|Any CPU
		Release|x64 = Release|x64
	EndGlobalSection
	GlobalSection(ProjectConfigurationPlatforms) = postSolution
		{ED37F52F-3DF2-4C80-8A07-7B0364066E0C}.Debug|Any CPU.ActiveCfg = Debug|Any CPU
		{ED37F52F-3DF2-4C80-8A07-7B0364066E0C}.Debug|Any CPU.Build.0 = Debug|Any CPU
		{ED37F52F-3DF2-4C80-8A07-7B0364066E0C}.Debug|x64.ActiveCfg = Debug|x64
		{ED37F52F-3DF2-4C80-8A07-7B0364066E0C}.Debug|x64.Build.0 = Debug|x64
		{ED37F52F-3DF2-4C80-8A07-7B0364066E0C}.Release|Any CPU.ActiveCfg = Release|Any CPU
		{ED37F52F-3DF2-4C80-8A07-7B0364066E0C}.Release|Any CPU.Build.0 = Release|Any CPU
		{ED37F52F-3DF2-4C80-8A07-7B0364066E0C}.Release|x64.ActiveCfg = Release|x64
		{ED37F52F-3DF2-4C80-8A07-7B0364066E0C}.Release|x64.Build.0 = Release|x64
	EndGlobalSection
	GlobalSection(SolutionProperties) = preSolution
		HideSolutionNode = FALSE
	EndGlobalSection
	GlobalSection(ExtensibilityGlobals) = postSolution
		SolutionGuid = {DEC562CC-F634-4A47-8766-B27DA63C848A}
	EndGlobalSection
EndGlobal
